
Microsoft Visual Studio Solution File, Format Version 12.00
# Visual Studio Version 17
VisualStudioVersion = 17.7.34031.279
MinimumVisualStudioVersion = 10.0.40219.1
Project("{FAE04EC0-301F-11D3-BF4B-00C04F79EFBC}") = "RouteSearchApi", "RouteSearchApi\RouteSearchApi.csproj", "{6E98A2F2-B312-4936-BBD0-7743AC9ED586}"
EndProject
Global
	GlobalSection(SolutionConfigurationPlatforms) = preSolution
		Debug|Any CPU = Debug|Any CPU
		Release|Any CPU = Release|Any CPU
	EndGlobalSection
	GlobalSection(ProjectConfigurationPlatforms) = postSolution
		{6E98A2F2-B312-4936-BBD0-7743AC9ED586}.Debug|Any CPU.ActiveCfg = Debug|Any CPU
		{6E98A2F2-B312-4936-BBD0-7743AC9ED586}.Debug|Any CPU.Build.0 = Debug|Any CPU
		{6E98A2F2-B312-4936-BBD0-7743AC9ED586}.Release|Any CPU.ActiveCfg = Release|Any CPU
		{6E98A2F2-B312-4936-BBD0-7743AC9ED586}.Release|Any CPU.Build.0 = Release|Any CPU
	EndGlobalSection
	GlobalSection(SolutionProperties) = preSolution
		HideSolutionNode = FALSE
	EndGlobalSection
	GlobalSection(ExtensibilityGlobals) = postSolution
		SolutionGuid = {A809F8FC-5460-428E-A42F-B01F808D4C15}
	EndGlobalSection
EndGlobal
